
Microsoft Visual Studio Solution File, Format Version 12.00
# Visual Studio 14
VisualStudioVersion = 14.0.25420.1
MinimumVisualStudioVersion = 10.0.40219.1
Project("{FAE04EC0-301F-11D3-BF4B-00C04F79EFBC}") = "Lesson3", "Lesson3\Lesson3.csproj", "{6DF7F070-22D7-4A66-BAA5-FCC13722C16A}"
EndProject
Project("{FAE04EC0-301F-11D3-BF4B-00C04F79EFBC}") = "Lesson3.Tests", "Lesson3.Tests\Lesson3.Tests.csproj", "{83B551C7-5C6D-41CE-B8BD-52BB3C77125C}"
EndProject
Global
	GlobalSection(SolutionConfigurationPlatforms) = preSolution
		Debug|Any CPU = Debug|Any CPU
		Release|Any CPU = Release|Any CPU
	EndGlobalSection
	GlobalSection(ProjectConfigurationPlatforms) = postSolution
		{6DF7F070-22D7-4A66-BAA5-FCC13722C16A}.Debug|Any CPU.ActiveCfg = Debug|Any CPU
		{6DF7F070-22D7-4A66-BAA5-FCC13722C16A}.Debug|Any CPU.Build.0 = Debug|Any CPU
		{6DF7F070-22D7-4A66-BAA5-FCC13722C16A}.Release|Any CPU.ActiveCfg = Release|Any CPU
		{6DF7F070-22D7-4A66-BAA5-FCC13722C16A}.Release|Any CPU.Build.0 = Release|Any CPU
		{83B551C7-5C6D-41CE-B8BD-52BB3C77125C}.Debug|Any CPU.ActiveCfg = Debug|Any CPU
		{83B551C7-5C6D-41CE-B8BD-52BB3C77125C}.Debug|Any CPU.Build.0 = Debug|Any CPU
		{83B551C7-5C6D-41CE-B8BD-52BB3C77125C}.Release|Any CPU.ActiveCfg = Release|Any CPU
		{83B551C7-5C6D-41CE-B8BD-52BB3C77125C}.Release|Any CPU.Build.0 = Release|Any CPU
	EndGlobalSection
	GlobalSection(SolutionProperties) = preSolution
		HideSolutionNode = FALSE
	EndGlobalSection
EndGlobal
